
Microsoft Visual Studio Solution File, Format Version 12.00
# Visual Studio Version 17
VisualStudioVersion = 17.4.33213.308
MinimumVisualStudioVersion = 10.0.40219.1
Project("{FAE04EC0-301F-11D3-BF4B-00C04F79EFBC}") = "task1", "task1\task1.csproj", "{45277EA2-0998-4954-A23E-BD5D50A33848}"
EndProject
Project("{FAE04EC0-301F-11D3-BF4B-00C04F79EFBC}") = "task2", "task2\task2.csproj", "{F5C92149-8244-4F14-A79D-8C6AB754693C}"
EndProject
Project("{FAE04EC0-301F-11D3-BF4B-00C04F79EFBC}") = "task3", "task3\task3.csproj", "{1D882E0C-C808-47BE-BB38-9F0D0C853BD8}"
EndProject
Global
	GlobalSection(SolutionConfigurationPlatforms) = preSolution
		Debug|Any CPU = Debug|Any CPU
		Release|Any CPU = Release|Any CPU
	EndGlobalSection
	GlobalSection(ProjectConfigurationPlatforms) = postSolution
		{45277EA2-0998-4954-A23E-BD5D50A33848}.Debug|Any CPU.ActiveCfg = Debug|Any CPU
		{45277EA2-0998-4954-A23E-BD5D50A33848}.Debug|Any CPU.Build.0 = Debug|Any CPU
		{45277EA2-0998-4954-A23E-BD5D50A33848}.Release|Any CPU.ActiveCfg = Release|Any CPU
		{45277EA2-0998-4954-A23E-BD5D50A33848}.Release|Any CPU.Build.0 = Release|Any CPU
		{F5C92149-8244-4F14-A79D-8C6AB754693C}.Debug|Any CPU.ActiveCfg = Debug|Any CPU
		{F5C92149-8244-4F14-A79D-8C6AB754693C}.Debug|Any CPU.Build.0 = Debug|Any CPU
		{F5C92149-8244-4F14-A79D-8C6AB754693C}.Release|Any CPU.ActiveCfg = Release|Any CPU
		{F5C92149-8244-4F14-A79D-8C6AB754693C}.Release|Any CPU.Build.0 = Release|Any CPU
		{1D882E0C-C808-47BE-BB38-9F0D0C853BD8}.Debug|Any CPU.ActiveCfg = Debug|Any CPU
		{1D882E0C-C808-47BE-BB38-9F0D0C853BD8}.Debug|Any CPU.Build.0 = Debug|Any CPU
		{1D882E0C-C808-47BE-BB38-9F0D0C853BD8}.Release|Any CPU.ActiveCfg = Release|Any CPU
		{1D882E0C-C808-47BE-BB38-9F0D0C853BD8}.Release|Any CPU.Build.0 = Release|Any CPU
	EndGlobalSection
	GlobalSection(SolutionProperties) = preSolution
		HideSolutionNode = FALSE
	EndGlobalSection
	GlobalSection(ExtensibilityGlobals) = postSolution
		SolutionGuid = {454DD74D-3AD6-4D2C-A294-221981EB62D2}
	EndGlobalSection
EndGlobal
